
Microsoft Visual Studio Solution File, Format Version 12.00
# Visual Studio Version 17
VisualStudioVersion = 17.9.34728.123
MinimumVisualStudioVersion = 10.0.40219.1
Project("{FAE04EC0-301F-11D3-BF4B-00C04F79EFBC}") = "AS2324_5G_INF_Prof_SalesAPI", "AS2324_5G_INF_Prof_SalesAPI\AS2324_5G_INF_Prof_SalesAPI.csproj", "{D83712AE-E245-4EC2-8394-5CD89485B80E}"
EndProject
Global
	GlobalSection(SolutionConfigurationPlatforms) = preSolution
		Debug|Any CPU = Debug|Any CPU
		Release|Any CPU = Release|Any CPU
	EndGlobalSection
	GlobalSection(ProjectConfigurationPlatforms) = postSolution
		{D83712AE-E245-4EC2-8394-5CD89485B80E}.Debug|Any CPU.ActiveCfg = Debug|Any CPU
		{D83712AE-E245-4EC2-8394-5CD89485B80E}.Debug|Any CPU.Build.0 = Debug|Any CPU
		{D83712AE-E245-4EC2-8394-5CD89485B80E}.Release|Any CPU.ActiveCfg = Release|Any CPU
		{D83712AE-E245-4EC2-8394-5CD89485B80E}.Release|Any CPU.Build.0 = Release|Any CPU
	EndGlobalSection
	GlobalSection(SolutionProperties) = preSolution
		HideSolutionNode = FALSE
	EndGlobalSection
	GlobalSection(ExtensibilityGlobals) = postSolution
		SolutionGuid = {EFA7AEB0-91C7-4C96-B3F7-8A55CD209B7D}
	EndGlobalSection
EndGlobal
